{
  "name": "restlife",
  "lockfileVersion": 3,
  "requires": true,
  "packages": {
    "": {
      "dependencies": {
        "solarlunar-es": "^1.0.9"
      }
    },
    "node_modules/solarlunar-es": {
      "version": "1.0.9",
      "resolved": "https://registry.npmjs.org/solarlunar-es/-/solarlunar-es-1.0.9.tgz",
      "integrity": "sha512-Phsk53NMRexjZkXmL6Q9l1UOtJ0GPt+/KUu+mCZkGIV9GlXpYxwjjh4hGhSd7j7k/PrVtX5Uh7/iW5R7fJ+STg=="
    }
  }
}
